
Microsoft Visual Studio Solution File, Format Version 12.00
# Visual Studio Version 16
VisualStudioVersion = 16.0.32228.343
MinimumVisualStudioVersion = 10.0.40219.1
Project("{FAE04EC0-301F-11D3-BF4B-00C04F79EFBC}") = "iss", "iss.csproj", "{8B13B2B4-FD5A-4B95-B3C0-EE30CEF3AFA9}"
EndProject
Global
	GlobalSection(SolutionConfigurationPlatforms) = preSolution
		Debug|Any CPU = Debug|Any CPU
		Release|Any CPU = Release|Any CPU
	EndGlobalSection
	GlobalSection(ProjectConfigurationPlatforms) = postSolution
		{8B13B2B4-FD5A-4B95-B3C0-EE30CEF3AFA9}.Debug|Any CPU.ActiveCfg = Debug|Any CPU
		{8B13B2B4-FD5A-4B95-B3C0-EE30CEF3AFA9}.Debug|Any CPU.Build.0 = Debug|Any CPU
		{8B13B2B4-FD5A-4B95-B3C0-EE30CEF3AFA9}.Release|Any CPU.ActiveCfg = Release|Any CPU
		{8B13B2B4-FD5A-4B95-B3C0-EE30CEF3AFA9}.Release|Any CPU.Build.0 = Release|Any CPU
	EndGlobalSection
	GlobalSection(SolutionProperties) = preSolution
		HideSolutionNode = FALSE
	EndGlobalSection
	GlobalSection(ExtensibilityGlobals) = postSolution
		SolutionGuid = {0EC0FAEA-784D-47F5-8FD1-9B06C0242E87}
	EndGlobalSection
EndGlobal
